# This file is automatically @generated by Poetry 1.5.1 and should not be changed by hand.

[[package]]
name = "ruff"
version = "0.0.280"
description = "An extremely fast Python linter, written in Rust."
optional = false
python-versions = ">=3.7"
files = [
    {file = "ruff-0.0.280-py3-none-macosx_10_7_x86_64.whl", hash = "sha256:48ed5aca381050a4e2f6d232db912d2e4e98e61648b513c350990c351125aaec"},
    {file = "ruff-0.0.280-py3-none-macosx_10_9_x86_64.macosx_11_0_arm64.macosx_10_9_universal2.whl", hash = "sha256:ef6ee3e429fd29d6a5ceed295809e376e6ece5b0f13c7e703efaf3d3bcb30b96"},
    {file = "ruff-0.0.280-py3-none-manylinux_2_17_aarch64.manylinux2014_aarch64.whl", hash = "sha256:d878370f7e9463ac40c253724229314ff6ebe4508cdb96cb536e1af4d5a9cd4f"},
    {file = "ruff-0.0.280-py3-none-manylinux_2_17_armv7l.manylinux2014_armv7l.whl", hash = "sha256:83e8f372fa5627eeda5b83b5a9632d2f9c88fc6d78cead7e2a1f6fb05728d137"},
    {file = "ruff-0.0.280-py3-none-manylinux_2_17_i686.manylinux2014_i686.whl", hash = "sha256:7008fc6ca1df18b21fa98bdcfc711dad5f94d0fc3c11791f65e460c48ef27c82"},
    {file = "ruff-0.0.280-py3-none-manylinux_2_17_ppc64.manylinux2014_ppc64.whl", hash = "sha256:fe7118c1eae3fda17ceb409629c7f3b5a22dffa7caf1f6796776936dca1fe653"},
    {file = "ruff-0.0.280-py3-none-manylinux_2_17_ppc64le.manylinux2014_ppc64le.whl", hash = "sha256:37359cd67d2af8e09110a546507c302cbea11c66a52d2a9b6d841d465f9962d4"},
    {file = "ruff-0.0.280-py3-none-manylinux_2_17_s390x.manylinux2014_s390x.whl", hash = "sha256:bd58af46b0221efb95966f1f0f7576df711cb53e50d2fdb0e83c2f33360116a4"},
    {file = "ruff-0.0.280-py3-none-manylinux_2_17_x86_64.manylinux2014_x86_64.whl", hash = "sha256:2e7c15828d09f90e97bea8feefcd2907e8c8ce3a1f959c99f9b4b3469679f33c"},
    {file = "ruff-0.0.280-py3-none-musllinux_1_2_aarch64.whl", hash = "sha256:2dae8f2d9c44c5c49af01733c2f7956f808db682a4193180dedb29dd718d7bbe"},
    {file = "ruff-0.0.280-py3-none-musllinux_1_2_armv7l.whl", hash = "sha256:5f972567163a20fb8c2d6afc60c2ea5ef8b68d69505760a8bd0377de8984b4f6"},
    {file = "ruff-0.0.280-py3-none-musllinux_1_2_i686.whl", hash = "sha256:8ffa7347ad11643f29de100977c055e47c988cd6d9f5f5ff83027600b11b9189"},
    {file = "ruff-0.0.280-py3-none-musllinux_1_2_x86_64.whl", hash = "sha256:7a37dab70114671d273f203268f6c3366c035fe0c8056614069e90a65e614bfc"},
    {file = "ruff-0.0.280-py3-none-win32.whl", hash = "sha256:7784e3606352fcfb193f3cd22b2e2117c444cb879ef6609ec69deabd662b0763"},
    {file = "ruff-0.0.280-py3-none-win_amd64.whl", hash = "sha256:4a7d52457b5dfcd3ab24b0b38eefaead8e2dca62b4fbf10de4cd0938cf20ce30"},
    {file = "ruff-0.0.280-py3-none-win_arm64.whl", hash = "sha256:b7de5b8689575918e130e4384ed9f539ce91d067c0a332aedef6ca7188adac2d"},
    {file = "ruff-0.0.280.tar.gz", hash = "sha256:581c43e4ac5e5a7117ad7da2120d960a4a99e68ec4021ec3cd47fe1cf78f8380"},
]

[metadata]
lock-version = "2.0"
python-versions = "^3.11"
content-hash = "f5492164cfb1e1da747a1940d25aa850d23703e12d6e068147cadf65a373fb70"
